
Microsoft Visual Studio Solution File, Format Version 12.00
# Visual Studio Version 16
VisualStudioVersion = 16.0.29326.143
MinimumVisualStudioVersion = 10.0.40219.1
Project("{FAE04EC0-301F-11D3-BF4B-00C04F79EFBC}") = "VideoAudioConverter", "VideoAudioConverter.csproj", "{B666EF91-DCD3-4D15-8D81-5863B045B9CF}"
EndProject
Global
	GlobalSection(SolutionConfigurationPlatforms) = preSolution
		Debug|Any CPU = Debug|Any CPU
		Release|Any CPU = Release|Any CPU
	EndGlobalSection
	GlobalSection(ProjectConfigurationPlatforms) = postSolution
		{B666EF91-DCD3-4D15-8D81-5863B045B9CF}.Debug|Any CPU.ActiveCfg = Debug|Any CPU
		{B666EF91-DCD3-4D15-8D81-5863B045B9CF}.Debug|Any CPU.Build.0 = Debug|Any CPU
		{B666EF91-DCD3-4D15-8D81-5863B045B9CF}.Release|Any CPU.ActiveCfg = Release|Any CPU
		{B666EF91-DCD3-4D15-8D81-5863B045B9CF}.Release|Any CPU.Build.0 = Release|Any CPU
	EndGlobalSection
	GlobalSection(SolutionProperties) = preSolution
		HideSolutionNode = FALSE
	EndGlobalSection
	GlobalSection(ExtensibilityGlobals) = postSolution
		SolutionGuid = {D870EBA6-41BC-4441-A6D9-B78E8C90A8BB}
	EndGlobalSection
EndGlobal
